
Microsoft Visual Studio Solution File, Format Version 12.00
# Visual Studio Version 17
VisualStudioVersion = 17.14.36414.22 d17.14
MinimumVisualStudioVersion = 10.0.40219.1
Project("{FAE04EC0-301F-11D3-BF4B-00C04F79EFBC}") = "DumpInspector.Server", "DumpInspector.Server\DumpInspector.Server.csproj", "{6EA9404D-3717-3494-17DE-289C511B59D3}"
EndProject
Project("{54A90642-561A-4BB1-A94E-469ADEE60C69}") = "dumpinspector.client", "dumpinspector.client\dumpinspector.client.esproj", "{1A0F50EA-1CB6-FAE5-FDA6-D3417ADD0A1B}"
EndProject
Project("{FAE04EC0-301F-11D3-BF4B-00C04F79EFBC}") = "SymbolAutoUpload", "SymbolAutoUpload\SymbolAutoUpload.csproj", "{A7722990-A782-406B-A6CC-EB1D2A84BCE3}"
EndProject
Global
	GlobalSection(SolutionConfigurationPlatforms) = preSolution
		Debug|Any CPU = Debug|Any CPU
		Release|Any CPU = Release|Any CPU
	EndGlobalSection
	GlobalSection(ProjectConfigurationPlatforms) = postSolution
		{6EA9404D-3717-3494-17DE-289C511B59D3}.Debug|Any CPU.ActiveCfg = Debug|Any CPU
		{6EA9404D-3717-3494-17DE-289C511B59D3}.Debug|Any CPU.Build.0 = Debug|Any CPU
		{6EA9404D-3717-3494-17DE-289C511B59D3}.Release|Any CPU.ActiveCfg = Release|Any CPU
		{6EA9404D-3717-3494-17DE-289C511B59D3}.Release|Any CPU.Build.0 = Release|Any CPU
		{1A0F50EA-1CB6-FAE5-FDA6-D3417ADD0A1B}.Debug|Any CPU.ActiveCfg = Debug|Any CPU
		{1A0F50EA-1CB6-FAE5-FDA6-D3417ADD0A1B}.Debug|Any CPU.Build.0 = Debug|Any CPU
		{1A0F50EA-1CB6-FAE5-FDA6-D3417ADD0A1B}.Debug|Any CPU.Deploy.0 = Debug|Any CPU
		{1A0F50EA-1CB6-FAE5-FDA6-D3417ADD0A1B}.Release|Any CPU.ActiveCfg = Release|Any CPU
		{1A0F50EA-1CB6-FAE5-FDA6-D3417ADD0A1B}.Release|Any CPU.Build.0 = Release|Any CPU
		{1A0F50EA-1CB6-FAE5-FDA6-D3417ADD0A1B}.Release|Any CPU.Deploy.0 = Release|Any CPU
		{A7722990-A782-406B-A6CC-EB1D2A84BCE3}.Debug|Any CPU.ActiveCfg = Debug|Any CPU
		{A7722990-A782-406B-A6CC-EB1D2A84BCE3}.Debug|Any CPU.Build.0 = Debug|Any CPU
		{A7722990-A782-406B-A6CC-EB1D2A84BCE3}.Release|Any CPU.ActiveCfg = Release|Any CPU
		{A7722990-A782-406B-A6CC-EB1D2A84BCE3}.Release|Any CPU.Build.0 = Release|Any CPU
	EndGlobalSection
	GlobalSection(SolutionProperties) = preSolution
		HideSolutionNode = FALSE
	EndGlobalSection
	GlobalSection(ExtensibilityGlobals) = postSolution
		SolutionGuid = {BF67851F-C169-4F89-9114-6AAEE8EC9ADE}
	EndGlobalSection
EndGlobal
